// !$*UTF8*$!
{
	archiveVersion = 1;
	classes = {
	};
	objectVersion = 50;
	objects = {

/* Begin PBXBuildFile section */
		DBF53C80B12A3A97FF5FCF67 /* Pods_theguardianreader.framework in Frameworks */ = {isa = PBXBuildFile; fileRef = 72E98AE5DBF8DBE844404F1B /* Pods_theguardianreader.framework */; };
		E6B23E0521513AFD006B638F /* AppDelegate.swift in Sources */ = {isa = PBXBuildFile; fileRef = E6B23E0421513AFD006B638F /* AppDelegate.swift */; };
		E6B23E0C21513AFD006B638F /* Main.storyboard in Resources */ = {isa = PBXBuildFile; fileRef = E6B23E0A21513AFD006B638F /* Main.storyboard */; };
		E6B23E0E21513B04006B638F /* Assets.xcassets in Resources */ = {isa = PBXBuildFile; fileRef = E6B23E0D21513B04006B638F /* Assets.xcassets */; };
		E6B23E1121513B04006B638F /* LaunchScreen.storyboard in Resources */ = {isa = PBXBuildFile; fileRef = E6B23E0F21513B04006B638F /* LaunchScreen.storyboard */; };
		E6B23E1F215172D2006B638F /* SessaoTableViewController.swift in Sources */ = {isa = PBXBuildFile; fileRef = E6B23E1E215172D2006B638F /* SessaoTableViewController.swift */; };
		E6B23E2321517A22006B638F /* Sessao.swift in Sources */ = {isa = PBXBuildFile; fileRef = E6B23E2221517A22006B638F /* Sessao.swift */; };
		E6C38BAB21555EED006CFC60 /* NoticiaSessaoTableViewCell.swift in Sources */ = {isa = PBXBuildFile; fileRef = E6C38BAA21555EED006CFC60 /* NoticiaSessaoTableViewCell.swift */; };
		E6C38BAD215564C4006CFC60 /* SessaoTableViewCell.swift in Sources */ = {isa = PBXBuildFile; fileRef = E6C38BAC215564C4006CFC60 /* SessaoTableViewCell.swift */; };
		E6C38BB1215576E7006CFC60 /* NoticiaViewController.swift in Sources */ = {isa = PBXBuildFile; fileRef = E6C38BB0215576E7006CFC60 /* NoticiaViewController.swift */; };
		E6C38BB321557758006CFC60 /* Noticia.swift in Sources */ = {isa = PBXBuildFile; fileRef = E6C38BB221557758006CFC60 /* Noticia.swift */; };
		E6C38BB5215578F0006CFC60 /* NoticiaResponse.swift in Sources */ = {isa = PBXBuildFile; fileRef = E6C38BB4215578F0006CFC60 /* NoticiaResponse.swift */; };
		E6C38BB8215900CF006CFC60 /* PesquisaTableViewController.swift in Sources */ = {isa = PBXBuildFile; fileRef = E6C38BB7215900CF006CFC60 /* PesquisaTableViewController.swift */; };
		E6C38BBA215900EA006CFC60 /* PesquisaTableViewCell.swift in Sources */ = {isa = PBXBuildFile; fileRef = E6C38BB9215900EA006CFC60 /* PesquisaTableViewCell.swift */; };
		E6C38BBC21590FE0006CFC60 /* PesquisaResponse.swift in Sources */ = {isa = PBXBuildFile; fileRef = E6C38BBB21590FE0006CFC60 /* PesquisaResponse.swift */; };
		E6C38BBE21591052006CFC60 /* Pesquisa.swift in Sources */ = {isa = PBXBuildFile; fileRef = E6C38BBD21591052006CFC60 /* Pesquisa.swift */; };
		E6C38BC621597F82006CFC60 /* ApiService.swift in Sources */ = {isa = PBXBuildFile; fileRef = E6C38BC521597F82006CFC60 /* ApiService.swift */; };
		E6C38BCA215AA0D2006CFC60 /* ModalSessaoTableViewController.swift in Sources */ = {isa = PBXBuildFile; fileRef = E6C38BC9215AA0D2006CFC60 /* ModalSessaoTableViewController.swift */; };
		E6C38BCC215AA0FD006CFC60 /* ModalSessaoTableViewCell.swift in Sources */ = {isa = PBXBuildFile; fileRef = E6C38BCB215AA0FD006CFC60 /* ModalSessaoTableViewCell.swift */; };
		E6C38BD1215CF0EC006CFC60 /* String.swift in Sources */ = {isa = PBXBuildFile; fileRef = E6C38BD0215CF0EC006CFC60 /* String.swift */; };
		E6DE69B92152A5C700ADD969 /* NoticiaSessaoTableViewController.swift in Sources */ = {isa = PBXBuildFile; fileRef = E6DE69B82152A5C700ADD969 /* NoticiaSessaoTableViewController.swift */; };
		E6DE69BD2152B0EC00ADD969 /* NoticiaSessao.swift in Sources */ = {isa = PBXBuildFile; fileRef = E6DE69BC2152B0EC00ADD969 /* NoticiaSessao.swift */; };
		E6DE69C02152DE5A00ADD969 /* FetchService.swift in Sources */ = {isa = PBXBuildFile; fileRef = E6DE69BF2152DE5A00ADD969 /* FetchService.swift */; };
		E6DE69C42153D91000ADD969 /* SessaoResponse.swift in Sources */ = {isa = PBXBuildFile; fileRef = E6DE69C32153D90F00ADD969 /* SessaoResponse.swift */; };
		E6DE69C821541B1800ADD969 /* LinkManager.swift in Sources */ = {isa = PBXBuildFile; fileRef = E6DE69C721541B1800ADD969 /* LinkManager.swift */; };
		E6DE69CA215421ED00ADD969 /* dados.plist in Resources */ = {isa = PBXBuildFile; fileRef = E6DE69C9215421ED00ADD969 /* dados.plist */; };
		E6DE69CC21542A7300ADD969 /* NoticiaSessaoResponse.swift in Sources */ = {isa = PBXBuildFile; fileRef = E6DE69CB21542A7300ADD969 /* NoticiaSessaoResponse.swift */; };
/* End PBXBuildFile section */

/* Begin PBXFileReference section */
		472CE46D354F42E083C7EF17 /* Pods-theguardianreader.release.xcconfig */ = {isa = PBXFileReference; includeInIndex = 1; lastKnownFileType = text.xcconfig; name = "Pods-theguardianreader.release.xcconfig"; path = "Pods/Target Support Files/Pods-theguardianreader/Pods-theguardianreader.release.xcconfig"; sourceTree = "<group>"; };
		72E98AE5DBF8DBE844404F1B /* Pods_theguardianreader.framework */ = {isa = PBXFileReference; explicitFileType = wrapper.framework; includeInIndex = 0; path = Pods_theguardianreader.framework; sourceTree = BUILT_PRODUCTS_DIR; };
		E6B23E0121513AFD006B638F /* theguardianreader.app */ = {isa = PBXFileReference; explicitFileType = wrapper.application; includeInIndex = 0; path = theguardianreader.app; sourceTree = BUILT_PRODUCTS_DIR; };
		E6B23E0421513AFD006B638F /* AppDelegate.swift */ = {isa = PBXFileReference; lastKnownFileType = sourcecode.swift; path = AppDelegate.swift; sourceTree = "<group>"; };
		E6B23E0B21513AFD006B638F /* Base */ = {isa = PBXFileReference; lastKnownFileType = file.storyboard; name = Base; path = Base.lproj/Main.storyboard; sourceTree = "<group>"; };
		E6B23E0D21513B04006B638F /* Assets.xcassets */ = {isa = PBXFileReference; lastKnownFileType = folder.assetcatalog; path = Assets.xcassets; sourceTree = "<group>"; };
		E6B23E1021513B04006B638F /* Base */ = {isa = PBXFileReference; lastKnownFileType = file.storyboard; name = Base; path = Base.lproj/LaunchScreen.storyboard; sourceTree = "<group>"; };
		E6B23E1221513B04006B638F /* Info.plist */ = {isa = PBXFileReference; lastKnownFileType = text.plist.xml; path = Info.plist; sourceTree = "<group>"; };
		E6B23E1E215172D2006B638F /* SessaoTableViewController.swift */ = {isa = PBXFileReference; lastKnownFileType = sourcecode.swift; path = SessaoTableViewController.swift; sourceTree = "<group>"; };
		E6B23E2221517A22006B638F /* Sessao.swift */ = {isa = PBXFileReference; lastKnownFileType = sourcecode.swift; path = Sessao.swift; sourceTree = "<group>"; };
		E6C38BAA21555EED006CFC60 /* NoticiaSessaoTableViewCell.swift */ = {isa = PBXFileReference; lastKnownFileType = sourcecode.swift; path = NoticiaSessaoTableViewCell.swift; sourceTree = "<group>"; };
		E6C38BAC215564C4006CFC60 /* SessaoTableViewCell.swift */ = {isa = PBXFileReference; lastKnownFileType = sourcecode.swift; path = SessaoTableViewCell.swift; sourceTree = "<group>"; };
		E6C38BB0215576E7006CFC60 /* NoticiaViewController.swift */ = {isa = PBXFileReference; lastKnownFileType = sourcecode.swift; path = NoticiaViewController.swift; sourceTree = "<group>"; };
		E6C38BB221557758006CFC60 /* Noticia.swift */ = {isa = PBXFileReference; lastKnownFileType = sourcecode.swift; path = Noticia.swift; sourceTree = "<group>"; };
		E6C38BB4215578F0006CFC60 /* NoticiaResponse.swift */ = {isa = PBXFileReference; lastKnownFileType = sourcecode.swift; path = NoticiaResponse.swift; sourceTree = "<group>"; };
		E6C38BB7215900CF006CFC60 /* PesquisaTableViewController.swift */ = {isa = PBXFileReference; lastKnownFileType = sourcecode.swift; path = PesquisaTableViewController.swift; sourceTree = "<group>"; };
		E6C38BB9215900EA006CFC60 /* PesquisaTableViewCell.swift */ = {isa = PBXFileReference; lastKnownFileType = sourcecode.swift; path = PesquisaTableViewCell.swift; sourceTree = "<group>"; };
		E6C38BBB21590FE0006CFC60 /* PesquisaResponse.swift */ = {isa = PBXFileReference; lastKnownFileType = sourcecode.swift; path = PesquisaResponse.swift; sourceTree = "<group>"; };
		E6C38BBD21591052006CFC60 /* Pesquisa.swift */ = {isa = PBXFileReference; lastKnownFileType = sourcecode.swift; path = Pesquisa.swift; sourceTree = "<group>"; };
		E6C38BC521597F82006CFC60 /* ApiService.swift */ = {isa = PBXFileReference; lastKnownFileType = sourcecode.swift; path = ApiService.swift; sourceTree = "<group>"; };
		E6C38BC9215AA0D2006CFC60 /* ModalSessaoTableViewController.swift */ = {isa = PBXFileReference; lastKnownFileType = sourcecode.swift; path = ModalSessaoTableViewController.swift; sourceTree = "<group>"; };
		E6C38BCB215AA0FD006CFC60 /* ModalSessaoTableViewCell.swift */ = {isa = PBXFileReference; lastKnownFileType = sourcecode.swift; path = ModalSessaoTableViewCell.swift; sourceTree = "<group>"; };
		E6C38BD0215CF0EC006CFC60 /* String.swift */ = {isa = PBXFileReference; lastKnownFileType = sourcecode.swift; path = String.swift; sourceTree = "<group>"; };
		E6DE69B82152A5C700ADD969 /* NoticiaSessaoTableViewController.swift */ = {isa = PBXFileReference; lastKnownFileType = sourcecode.swift; path = NoticiaSessaoTableViewController.swift; sourceTree = "<group>"; };
		E6DE69BC2152B0EC00ADD969 /* NoticiaSessao.swift */ = {isa = PBXFileReference; lastKnownFileType = sourcecode.swift; path = NoticiaSessao.swift; sourceTree = "<group>"; };
		E6DE69BF2152DE5A00ADD969 /* FetchService.swift */ = {isa = PBXFileReference; lastKnownFileType = sourcecode.swift; path = FetchService.swift; sourceTree = "<group>"; };
		E6DE69C32153D90F00ADD969 /* SessaoResponse.swift */ = {isa = PBXFileReference; lastKnownFileType = sourcecode.swift; path = SessaoResponse.swift; sourceTree = "<group>"; };
		E6DE69C721541B1800ADD969 /* LinkManager.swift */ = {isa = PBXFileReference; lastKnownFileType = sourcecode.swift; path = LinkManager.swift; sourceTree = "<group>"; };
		E6DE69C9215421ED00ADD969 /* dados.plist */ = {isa = PBXFileReference; lastKnownFileType = text.plist.xml; path = dados.plist; sourceTree = "<group>"; };
		E6DE69CB21542A7300ADD969 /* NoticiaSessaoResponse.swift */ = {isa = PBXFileReference; lastKnownFileType = sourcecode.swift; path = NoticiaSessaoResponse.swift; sourceTree = "<group>"; };
		FA85BAA28AAF420C40D14448 /* Pods-theguardianreader.debug.xcconfig */ = {isa = PBXFileReference; includeInIndex = 1; lastKnownFileType = text.xcconfig; name = "Pods-theguardianreader.debug.xcconfig"; path = "Pods/Target Support Files/Pods-theguardianreader/Pods-theguardianreader.debug.xcconfig"; sourceTree = "<group>"; };
/* End PBXFileReference section */

/* Begin PBXFrameworksBuildPhase section */
		E6B23DFE21513AFD006B638F /* Frameworks */ = {
			isa = PBXFrameworksBuildPhase;
			buildActionMask = 2147483647;
			files = (
				DBF53C80B12A3A97FF5FCF67 /* Pods_theguardianreader.framework in Frameworks */,
			);
			runOnlyForDeploymentPostprocessing = 0;
		};
/* End PBXFrameworksBuildPhase section */

/* Begin PBXGroup section */
		1C301EA4128084598C59B757 /* Frameworks */ = {
			isa = PBXGroup;
			children = (
				72E98AE5DBF8DBE844404F1B /* Pods_theguardianreader.framework */,
			);
			name = Frameworks;
			sourceTree = "<group>";
		};
		E65B911721528405003F5BBE /* views */ = {
			isa = PBXGroup;
			children = (
				E6C38BC12159383D006CFC60 /* modal */,
				E6C38BB621590098006CFC60 /* pesquisa */,
				E6DE69C6215417D900ADD969 /* noticia */,
				E6DE69B72152A42A00ADD969 /* noticias */,
				E65B91182152841D003F5BBE /* sessao */,
			);
			path = views;
			sourceTree = "<group>";
		};
		E65B91182152841D003F5BBE /* sessao */ = {
			isa = PBXGroup;
			children = (
				E6B23E1E215172D2006B638F /* SessaoTableViewController.swift */,
				E6C38BAC215564C4006CFC60 /* SessaoTableViewCell.swift */,
			);
			path = sessao;
			sourceTree = "<group>";
		};
		E6B23DF821513AFD006B638F = {
			isa = PBXGroup;
			children = (
				E6B23E0321513AFD006B638F /* theguardianreader */,
				E6B23E0221513AFD006B638F /* Products */,
				FC5A374451B631F6EDED8C1C /* Pods */,
				1C301EA4128084598C59B757 /* Frameworks */,
			);
			sourceTree = "<group>";
		};
		E6B23E0221513AFD006B638F /* Products */ = {
			isa = PBXGroup;
			children = (
				E6B23E0121513AFD006B638F /* theguardianreader.app */,
			);
			name = Products;
			sourceTree = "<group>";
		};
		E6B23E0321513AFD006B638F /* theguardianreader */ = {
			isa = PBXGroup;
			children = (
				E6C38BCF215CF0B9006CFC60 /* extension */,
				E6DE69BE2152DDC000ADD969 /* service */,
				E65B911721528405003F5BBE /* views */,
				E6B23E24215185E3006B638F /* model */,
				E6B23E0421513AFD006B638F /* AppDelegate.swift */,
				E6B23E0A21513AFD006B638F /* Main.storyboard */,
				E6B23E0D21513B04006B638F /* Assets.xcassets */,
				E6B23E0F21513B04006B638F /* LaunchScreen.storyboard */,
				E6B23E1221513B04006B638F /* Info.plist */,
			);
			path = theguardianreader;
			sourceTree = "<group>";
		};
		E6B23E24215185E3006B638F /* model */ = {
			isa = PBXGroup;
			children = (
				E6DE69C52153EBFA00ADD969 /* responses */,
				E6B23E2221517A22006B638F /* Sessao.swift */,
				E6DE69BC2152B0EC00ADD969 /* NoticiaSessao.swift */,
				E6C38BB221557758006CFC60 /* Noticia.swift */,
				E6C38BBD21591052006CFC60 /* Pesquisa.swift */,
			);
			path = model;
			sourceTree = "<group>";
		};
		E6C38BB621590098006CFC60 /* pesquisa */ = {
			isa = PBXGroup;
			children = (
				E6C38BB7215900CF006CFC60 /* PesquisaTableViewController.swift */,
				E6C38BB9215900EA006CFC60 /* PesquisaTableViewCell.swift */,
			);
			path = pesquisa;
			sourceTree = "<group>";
		};
		E6C38BC12159383D006CFC60 /* modal */ = {
			isa = PBXGroup;
			children = (
				E6C38BC9215AA0D2006CFC60 /* ModalSessaoTableViewController.swift */,
				E6C38BCB215AA0FD006CFC60 /* ModalSessaoTableViewCell.swift */,
			);
			path = modal;
			sourceTree = "<group>";
		};
		E6C38BCF215CF0B9006CFC60 /* extension */ = {
			isa = PBXGroup;
			children = (
				E6C38BD0215CF0EC006CFC60 /* String.swift */,
			);
			path = extension;
			sourceTree = "<group>";
		};
		E6DE69B72152A42A00ADD969 /* noticias */ = {
			isa = PBXGroup;
			children = (
				E6DE69B82152A5C700ADD969 /* NoticiaSessaoTableViewController.swift */,
				E6C38BAA21555EED006CFC60 /* NoticiaSessaoTableViewCell.swift */,
			);
			path = noticias;
			sourceTree = "<group>";
		};
		E6DE69BE2152DDC000ADD969 /* service */ = {
			isa = PBXGroup;
			children = (
				E6DE69C9215421ED00ADD969 /* dados.plist */,
				E6DE69BF2152DE5A00ADD969 /* FetchService.swift */,
				E6DE69C721541B1800ADD969 /* LinkManager.swift */,
				E6C38BC521597F82006CFC60 /* ApiService.swift */,
			);
			path = service;
			sourceTree = "<group>";
		};
		E6DE69C52153EBFA00ADD969 /* responses */ = {
			isa = PBXGroup;
			children = (
				E6DE69C32153D90F00ADD969 /* SessaoResponse.swift */,
				E6DE69CB21542A7300ADD969 /* NoticiaSessaoResponse.swift */,
				E6C38BB4215578F0006CFC60 /* NoticiaResponse.swift */,
				E6C38BBB21590FE0006CFC60 /* PesquisaResponse.swift */,
			);
			path = responses;
			sourceTree = "<group>";
		};
		E6DE69C6215417D900ADD969 /* noticia */ = {
			isa = PBXGroup;
			children = (
				E6C38BB0215576E7006CFC60 /* NoticiaViewController.swift */,
			);
			path = noticia;
			sourceTree = "<group>";
		};
		FC5A374451B631F6EDED8C1C /* Pods */ = {
			isa = PBXGroup;
			children = (
				FA85BAA28AAF420C40D14448 /* Pods-theguardianreader.debug.xcconfig */,
				472CE46D354F42E083C7EF17 /* Pods-theguardianreader.release.xcconfig */,
			);
			name = Pods;
			sourceTree = "<group>";
		};
/* End PBXGroup section */

/* Begin PBXNativeTarget section */
		E6B23E0021513AFD006B638F /* theguardianreader */ = {
			isa = PBXNativeTarget;
			buildConfigurationList = E6B23E1521513B04006B638F /* Build configuration list for PBXNativeTarget "theguardianreader" */;
			buildPhases = (
				6F8EEF1138A52A4E93F54549 /* [CP] Check Pods Manifest.lock */,
				E6B23DFD21513AFD006B638F /* Sources */,
				E6B23DFE21513AFD006B638F /* Frameworks */,
				E6B23DFF21513AFD006B638F /* Resources */,
				0B5FB380928CDC8497CF855D /* [CP] Embed Pods Frameworks */,
			);
			buildRules = (
			);
			dependencies = (
			);
			name = theguardianreader;
			productName = theguardianreader;
			productReference = E6B23E0121513AFD006B638F /* theguardianreader.app */;
			productType = "com.apple.product-type.application";
		};
/* End PBXNativeTarget section */

/* Begin PBXProject section */
		E6B23DF921513AFD006B638F /* Project object */ = {
			isa = PBXProject;
			attributes = {
				LastSwiftUpdateCheck = 0940;
				LastUpgradeCheck = 0940;
				ORGANIZATIONNAME = "Henrique Pereira";
				TargetAttributes = {
					E6B23E0021513AFD006B638F = {
						CreatedOnToolsVersion = 9.4.1;
					};
				};
			};
			buildConfigurationList = E6B23DFC21513AFD006B638F /* Build configuration list for PBXProject "theguardianreader" */;
			compatibilityVersion = "Xcode 9.3";
			developmentRegion = en;
			hasScannedForEncodings = 0;
			knownRegions = (
				en,
				Base,
			);
			mainGroup = E6B23DF821513AFD006B638F;
			productRefGroup = E6B23E0221513AFD006B638F /* Products */;
			projectDirPath = "";
			projectRoot = "";
			targets = (
				E6B23E0021513AFD006B638F /* theguardianreader */,
			);
		};
/* End PBXProject section */

/* Begin PBXResourcesBuildPhase section */
		E6B23DFF21513AFD006B638F /* Resources */ = {
			isa = PBXResourcesBuildPhase;
			buildActionMask = 2147483647;
			files = (
				E6B23E1121513B04006B638F /* LaunchScreen.storyboard in Resources */,
				E6DE69CA215421ED00ADD969 /* dados.plist in Resources */,
				E6B23E0E21513B04006B638F /* Assets.xcassets in Resources */,
				E6B23E0C21513AFD006B638F /* Main.storyboard in Resources */,
			);
			runOnlyForDeploymentPostprocessing = 0;
		};
/* End PBXResourcesBuildPhase section */

/* Begin PBXShellScriptBuildPhase section */
		0B5FB380928CDC8497CF855D /* [CP] Embed Pods Frameworks */ = {
			isa = PBXShellScriptBuildPhase;
			buildActionMask = 2147483647;
			files = (
			);
			inputPaths = (
				"${SRCROOT}/Pods/Target Support Files/Pods-theguardianreader/Pods-theguardianreader-frameworks.sh",
				"${BUILT_PRODUCTS_DIR}/Alamofire/Alamofire.framework",
				"${BUILT_PRODUCTS_DIR}/AlamofireObjectMapper/AlamofireObjectMapper.framework",
				"${BUILT_PRODUCTS_DIR}/ImageLoader/ImageLoader.framework",
				"${BUILT_PRODUCTS_DIR}/ObjectMapper/ObjectMapper.framework",
			);
			name = "[CP] Embed Pods Frameworks";
			outputPaths = (
				"${TARGET_BUILD_DIR}/${FRAMEWORKS_FOLDER_PATH}/Alamofire.framework",
				"${TARGET_BUILD_DIR}/${FRAMEWORKS_FOLDER_PATH}/AlamofireObjectMapper.framework",
				"${TARGET_BUILD_DIR}/${FRAMEWORKS_FOLDER_PATH}/ImageLoader.framework",
				"${TARGET_BUILD_DIR}/${FRAMEWORKS_FOLDER_PATH}/ObjectMapper.framework",
			);
			runOnlyForDeploymentPostprocessing = 0;
			shellPath = /bin/sh;
			shellScript = "\"${SRCROOT}/Pods/Target Support Files/Pods-theguardianreader/Pods-theguardianreader-frameworks.sh\"\n";
			showEnvVarsInLog = 0;
		};
		6F8EEF1138A52A4E93F54549 /* [CP] Check Pods Manifest.lock */ = {
			isa = PBXShellScriptBuildPhase;
			buildActionMask = 2147483647;
			files = (
			);
			inputPaths = (
				"${PODS_PODFILE_DIR_PATH}/Podfile.lock",
				"${PODS_ROOT}/Manifest.lock",
			);
			name = "[CP] Check Pods Manifest.lock";
			outputPaths = (
				"$(DERIVED_FILE_DIR)/Pods-theguardianreader-checkManifestLockResult.txt",
			);
			runOnlyForDeploymentPostprocessing = 0;
			shellPath = /bin/sh;
			shellScript = "diff \"${PODS_PODFILE_DIR_PATH}/Podfile.lock\" \"${PODS_ROOT}/Manifest.lock\" > /dev/null\nif [ $? != 0 ] ; then\n    # print error to STDERR\n    echo \"error: The sandbox is not in sync with the Podfile.lock. Run 'pod install' or update your CocoaPods installation.\" >&2\n    exit 1\nfi\n# This output is used by Xcode 'outputs' to avoid re-running this script phase.\necho \"SUCCESS\" > \"${SCRIPT_OUTPUT_FILE_0}\"\n";
			showEnvVarsInLog = 0;
		};
/* End PBXShellScriptBuildPhase section */

/* Begin PBXSourcesBuildPhase section */
		E6B23DFD21513AFD006B638F /* Sources */ = {
			isa = PBXSourcesBuildPhase;
			buildActionMask = 2147483647;
			files = (
				E6DE69CC21542A7300ADD969 /* NoticiaSessaoResponse.swift in Sources */,
				E6C38BB321557758006CFC60 /* Noticia.swift in Sources */,
				E6C38BAD215564C4006CFC60 /* SessaoTableViewCell.swift in Sources */,
				E6C38BBC21590FE0006CFC60 /* PesquisaResponse.swift in Sources */,
				E6DE69C02152DE5A00ADD969 /* FetchService.swift in Sources */,
				E6C38BBA215900EA006CFC60 /* PesquisaTableViewCell.swift in Sources */,
				E6C38BC621597F82006CFC60 /* ApiService.swift in Sources */,
				E6B23E0521513AFD006B638F /* AppDelegate.swift in Sources */,
				E6C38BB1215576E7006CFC60 /* NoticiaViewController.swift in Sources */,
				E6C38BCA215AA0D2006CFC60 /* ModalSessaoTableViewController.swift in Sources */,
				E6C38BBE21591052006CFC60 /* Pesquisa.swift in Sources */,
				E6DE69C42153D91000ADD969 /* SessaoResponse.swift in Sources */,
				E6C38BD1215CF0EC006CFC60 /* String.swift in Sources */,
				E6B23E2321517A22006B638F /* Sessao.swift in Sources */,
				E6C38BB5215578F0006CFC60 /* NoticiaResponse.swift in Sources */,
				E6C38BCC215AA0FD006CFC60 /* ModalSessaoTableViewCell.swift in Sources */,
				E6C38BAB21555EED006CFC60 /* NoticiaSessaoTableViewCell.swift in Sources */,
				E6DE69B92152A5C700ADD969 /* NoticiaSessaoTableViewController.swift in Sources */,
				E6B23E1F215172D2006B638F /* SessaoTableViewController.swift in Sources */,
				E6C38BB8215900CF006CFC60 /* PesquisaTableViewController.swift in Sources */,
				E6DE69BD2152B0EC00ADD969 /* NoticiaSessao.swift in Sources */,
				E6DE69C821541B1800ADD969 /* LinkManager.swift in Sources */,
			);
			runOnlyForDeploymentPostprocessing = 0;
		};
/* End PBXSourcesBuildPhase section */

/* Begin PBXVariantGroup section */
		E6B23E0A21513AFD006B638F /* Main.storyboard */ = {
			isa = PBXVariantGroup;
			children = (
				E6B23E0B21513AFD006B638F /* Base */,
			);
			name = Main.storyboard;
			sourceTree = "<group>";
		};
		E6B23E0F21513B04006B638F /* LaunchScreen.storyboard */ = {
			isa = PBXVariantGroup;
			children = (
				E6B23E1021513B04006B638F /* Base */,
			);
			name = LaunchScreen.storyboard;
			sourceTree = "<group>";
		};
/* End PBXVariantGroup section */

/* Begin XCBuildConfiguration section */
		E6B23E1321513B04006B638F /* Debug */ = {
			isa = XCBuildConfiguration;
			buildSettings = {
				ALWAYS_SEARCH_USER_PATHS = NO;
				CLANG_ANALYZER_NONNULL = YES;
				CLANG_ANALYZER_NUMBER_OBJECT_CONVERSION = YES_AGGRESSIVE;
				CLANG_CXX_LANGUAGE_STANDARD = "gnu++14";
				CLANG_CXX_LIBRARY = "libc++";
				CLANG_ENABLE_MODULES = YES;
				CLANG_ENABLE_OBJC_ARC = YES;
				CLANG_ENABLE_OBJC_WEAK = YES;
				CLANG_WARN_BLOCK_CAPTURE_AUTORELEASING = YES;
				CLANG_WARN_BOOL_CONVERSION = YES;
				CLANG_WARN_COMMA = YES;
				CLANG_WARN_CONSTANT_CONVERSION = YES;
				CLANG_WARN_DEPRECATED_OBJC_IMPLEMENTATIONS = YES;
				CLANG_WARN_DIRECT_OBJC_ISA_USAGE = YES_ERROR;
				CLANG_WARN_DOCUMENTATION_COMMENTS = YES;
				CLANG_WARN_EMPTY_BODY = YES;
				CLANG_WARN_ENUM_CONVERSION = YES;
				CLANG_WARN_INFINITE_RECURSION = YES;
				CLANG_WARN_INT_CONVERSION = YES;
				CLANG_WARN_NON_LITERAL_NULL_CONVERSION = YES;
				CLANG_WARN_OBJC_IMPLICIT_RETAIN_SELF = YES;
				CLANG_WARN_OBJC_LITERAL_CONVERSION = YES;
				CLANG_WARN_OBJC_ROOT_CLASS = YES_ERROR;
				CLANG_WARN_RANGE_LOOP_ANALYSIS = YES;
				CLANG_WARN_STRICT_PROTOTYPES = YES;
				CLANG_WARN_SUSPICIOUS_MOVE = YES;
				CLANG_WARN_UNGUARDED_AVAILABILITY = YES_AGGRESSIVE;
				CLANG_WARN_UNREACHABLE_CODE = YES;
				CLANG_WARN__DUPLICATE_METHOD_MATCH = YES;
				CODE_SIGN_IDENTITY = "iPhone Developer";
				COPY_PHASE_STRIP = NO;
				DEBUG_INFORMATION_FORMAT = dwarf;
				ENABLE_STRICT_OBJC_MSGSEND = YES;
				ENABLE_TESTABILITY = YES;
				GCC_C_LANGUAGE_STANDARD = gnu11;
				GCC_DYNAMIC_NO_PIC = NO;
				GCC_NO_COMMON_BLOCKS = YES;
				GCC_OPTIMIZATION_LEVEL = 0;
				GCC_PREPROCESSOR_DEFINITIONS = (
					"DEBUG=1",
					"$(inherited)",
				);
				GCC_WARN_64_TO_32_BIT_CONVERSION = YES;
				GCC_WARN_ABOUT_RETURN_TYPE = YES_ERROR;
				GCC_WARN_UNDECLARED_SELECTOR = YES;
				GCC_WARN_UNINITIALIZED_AUTOS = YES_AGGRESSIVE;
				GCC_WARN_UNUSED_FUNCTION = YES;
				GCC_WARN_UNUSED_VARIABLE = YES;
				IPHONEOS_DEPLOYMENT_TARGET = 11.4;
				MTL_ENABLE_DEBUG_INFO = YES;
				ONLY_ACTIVE_ARCH = YES;
				SDKROOT = iphoneos;
				SWIFT_ACTIVE_COMPILATION_CONDITIONS = DEBUG;
				SWIFT_OPTIMIZATION_LEVEL = "-Onone";
			};
			name = Debug;
		};
		E6B23E1421513B04006B638F /* Release */ = {
			isa = XCBuildConfiguration;
			buildSettings = {
				ALWAYS_SEARCH_USER_PATHS = NO;
				CLANG_ANALYZER_NONNULL = YES;
				CLANG_ANALYZER_NUMBER_OBJECT_CONVERSION = YES_AGGRESSIVE;
				CLANG_CXX_LANGUAGE_STANDARD = "gnu++14";
				CLANG_CXX_LIBRARY = "libc++";
				CLANG_ENABLE_MODULES = YES;
				CLANG_ENABLE_OBJC_ARC = YES;
				CLANG_ENABLE_OBJC_WEAK = YES;
				CLANG_WARN_BLOCK_CAPTURE_AUTORELEASING = YES;
				CLANG_WARN_BOOL_CONVERSION = YES;
				CLANG_WARN_COMMA = YES;
				CLANG_WARN_CONSTANT_CONVERSION = YES;
				CLANG_WARN_DEPRECATED_OBJC_IMPLEMENTATIONS = YES;
				CLANG_WARN_DIRECT_OBJC_ISA_USAGE = YES_ERROR;
				CLANG_WARN_DOCUMENTATION_COMMENTS = YES;
				CLANG_WARN_EMPTY_BODY = YES;
				CLANG_WARN_ENUM_CONVERSION = YES;
				CLANG_WARN_INFINITE_RECURSION = YES;
				CLANG_WARN_INT_CONVERSION = YES;
				CLANG_WARN_NON_LITERAL_NULL_CONVERSION = YES;
				CLANG_WARN_OBJC_IMPLICIT_RETAIN_SELF = YES;
				CLANG_WARN_OBJC_LITERAL_CONVERSION = YES;
				CLANG_WARN_OBJC_ROOT_CLASS = YES_ERROR;
				CLANG_WARN_RANGE_LOOP_ANALYSIS = YES;
				CLANG_WARN_STRICT_PROTOTYPES = YES;
				CLANG_WARN_SUSPICIOUS_MOVE = YES;
				CLANG_WARN_UNGUARDED_AVAILABILITY = YES_AGGRESSIVE;
				CLANG_WARN_UNREACHABLE_CODE = YES;
				CLANG_WARN__DUPLICATE_METHOD_MATCH = YES;
				CODE_SIGN_IDENTITY = "iPhone Developer";
				COPY_PHASE_STRIP = NO;
				DEBUG_INFORMATION_FORMAT = "dwarf-with-dsym";
				ENABLE_NS_ASSERTIONS = NO;
				ENABLE_STRICT_OBJC_MSGSEND = YES;
				GCC_C_LANGUAGE_STANDARD = gnu11;
				GCC_NO_COMMON_BLOCKS = YES;
				GCC_WARN_64_TO_32_BIT_CONVERSION = YES;
				GCC_WARN_ABOUT_RETURN_TYPE = YES_ERROR;
				GCC_WARN_UNDECLARED_SELECTOR = YES;
				GCC_WARN_UNINITIALIZED_AUTOS = YES_AGGRESSIVE;
				GCC_WARN_UNUSED_FUNCTION = YES;
				GCC_WARN_UNUSED_VARIABLE = YES;
				IPHONEOS_DEPLOYMENT_TARGET = 11.4;
				MTL_ENABLE_DEBUG_INFO = NO;
				SDKROOT = iphoneos;
				SWIFT_COMPILATION_MODE = wholemodule;
				SWIFT_OPTIMIZATION_LEVEL = "-O";
				VALIDATE_PRODUCT = YES;
			};
			name = Release;
		};
		E6B23E1621513B04006B638F /* Debug */ = {
			isa = XCBuildConfiguration;
			baseConfigurationReference = FA85BAA28AAF420C40D14448 /* Pods-theguardianreader.debug.xcconfig */;
			buildSettings = {
				ASSETCATALOG_COMPILER_APPICON_NAME = AppIcon;
				CODE_SIGN_STYLE = Automatic;
				DEVELOPMENT_TEAM = 7S6HTH572Q;
				INFOPLIST_FILE = theguardianreader/Info.plist;
				LD_RUNPATH_SEARCH_PATHS = (
					"$(inherited)",
					"@executable_path/Frameworks",
				);
				PRODUCT_BUNDLE_IDENTIFIER = test.theguardianreader;
				PRODUCT_NAME = "$(TARGET_NAME)";
				SWIFT_VERSION = 4.0;
				TARGETED_DEVICE_FAMILY = "1,2";
			};
			name = Debug;
		};
		E6B23E1721513B04006B638F /* Release */ = {
			isa = XCBuildConfiguration;
			baseConfigurationReference = 472CE46D354F42E083C7EF17 /* Pods-theguardianreader.release.xcconfig */;
			buildSettings = {
				ASSETCATALOG_COMPILER_APPICON_NAME = AppIcon;
				CODE_SIGN_STYLE = Automatic;
				DEVELOPMENT_TEAM = 7S6HTH572Q;
				INFOPLIST_FILE = theguardianreader/Info.plist;
				LD_RUNPATH_SEARCH_PATHS = (
					"$(inherited)",
					"@executable_path/Frameworks",
				);
				PRODUCT_BUNDLE_IDENTIFIER = test.theguardianreader;
				PRODUCT_NAME = "$(TARGET_NAME)";
				SWIFT_VERSION = 4.0;
				TARGETED_DEVICE_FAMILY = "1,2";
			};
			name = Release;
		};
/* End XCBuildConfiguration section */

/* Begin XCConfigurationList section */
		E6B23DFC21513AFD006B638F /* Build configuration list for PBXProject "theguardianreader" */ = {
			isa = XCConfigurationList;
			buildConfigurations = (
				E6B23E1321513B04006B638F /* Debug */,
				E6B23E1421513B04006B638F /* Release */,
			);
			defaultConfigurationIsVisible = 0;
			defaultConfigurationName = Release;
		};
		E6B23E1521513B04006B638F /* Build configuration list for PBXNativeTarget "theguardianreader" */ = {
			isa = XCConfigurationList;
			buildConfigurations = (
				E6B23E1621513B04006B638F /* Debug */,
				E6B23E1721513B04006B638F /* Release */,
			);
			defaultConfigurationIsVisible = 0;
			defaultConfigurationName = Release;
		};
/* End XCConfigurationList section */
	};
	rootObject = E6B23DF921513AFD006B638F /* Project object */;
}
